
Microsoft Visual Studio Solution File, Format Version 12.00
# Visual Studio 15
VisualStudioVersion = 15.0.27130.2010
MinimumVisualStudioVersion = 10.0.40219.1
Project("{9A19103F-16F7-4668-BE54-9A1E7A4F7556}") = "MicroDocum.Themes", "MicroDocum.Themes\MicroDocum.Themes.csproj", "{7B478E48-2D57-409F-9AB8-E74403E926E2}"
EndProject
Project("{9A19103F-16F7-4668-BE54-9A1E7A4F7556}") = "MicroDocum.Analyzers", "MicroDocum.Analyzers\MicroDocum.Analyzers.csproj", "{71353528-8065-4278-9214-E26F4371DB5E}"
EndProject
Project("{2150E333-8FDC-42A3-9474-1A3956D46DE8}") = "Tests", "Tests", "{97F0A109-E9F4-435D-B399-8A79F32E6A65}"
EndProject
Project("{9A19103F-16F7-4668-BE54-9A1E7A4F7556}") = "MicroDocum.Themes.Tests", "Tests\MicroDocum.Themes.Tests\MicroDocum.Themes.Tests.csproj", "{C34DC68F-1207-4708-9954-9398C6A64DDA}"
EndProject
Project("{9A19103F-16F7-4668-BE54-9A1E7A4F7556}") = "MicroDocum.Analyzers.Tests", "Tests\MicroDocum.Analyzers.Tests\MicroDocum.Analyzers.Tests.csproj", "{F359D768-9265-4216-B63B-6B640534435F}"
EndProject
Project("{9A19103F-16F7-4668-BE54-9A1E7A4F7556}") = "MicroDocum.Graphviz", "MicroDocum.Graphviz\MicroDocum.Graphviz.csproj", "{3EE54ED4-CAE3-4CAD-9ABD-667724C97CCB}"
EndProject
Project("{9A19103F-16F7-4668-BE54-9A1E7A4F7556}") = "MicroDocum.Graphviz.Tests", "Tests\MicroDocum.Graphviz.Tests\MicroDocum.Graphviz.Tests.csproj", "{4CAE04F6-34E8-4DA7-BDDB-C11A7E287C58}"
EndProject
Project("{9A19103F-16F7-4668-BE54-9A1E7A4F7556}") = "MicroDocum.Core.Tests", "Tests\MicroDocum.Core.Tests\MicroDocum.Core.Tests.csproj", "{6395A29D-89B4-4960-9659-1E8CE81B24A5}"
EndProject
Global
	GlobalSection(SolutionConfigurationPlatforms) = preSolution
		Debug|Any CPU = Debug|Any CPU
		Release|Any CPU = Release|Any CPU
	EndGlobalSection
	GlobalSection(ProjectConfigurationPlatforms) = postSolution
		{7B478E48-2D57-409F-9AB8-E74403E926E2}.Debug|Any CPU.ActiveCfg = Debug|Any CPU
		{7B478E48-2D57-409F-9AB8-E74403E926E2}.Debug|Any CPU.Build.0 = Debug|Any CPU
		{7B478E48-2D57-409F-9AB8-E74403E926E2}.Release|Any CPU.ActiveCfg = Release|Any CPU
		{7B478E48-2D57-409F-9AB8-E74403E926E2}.Release|Any CPU.Build.0 = Release|Any CPU
		{71353528-8065-4278-9214-E26F4371DB5E}.Debug|Any CPU.ActiveCfg = Debug|Any CPU
		{71353528-8065-4278-9214-E26F4371DB5E}.Debug|Any CPU.Build.0 = Debug|Any CPU
		{71353528-8065-4278-9214-E26F4371DB5E}.Release|Any CPU.ActiveCfg = Release|Any CPU
		{71353528-8065-4278-9214-E26F4371DB5E}.Release|Any CPU.Build.0 = Release|Any CPU
		{C34DC68F-1207-4708-9954-9398C6A64DDA}.Debug|Any CPU.ActiveCfg = Debug|Any CPU
		{C34DC68F-1207-4708-9954-9398C6A64DDA}.Debug|Any CPU.Build.0 = Debug|Any CPU
		{C34DC68F-1207-4708-9954-9398C6A64DDA}.Release|Any CPU.ActiveCfg = Release|Any CPU
		{C34DC68F-1207-4708-9954-9398C6A64DDA}.Release|Any CPU.Build.0 = Release|Any CPU
		{F359D768-9265-4216-B63B-6B640534435F}.Debug|Any CPU.ActiveCfg = Debug|Any CPU
		{F359D768-9265-4216-B63B-6B640534435F}.Debug|Any CPU.Build.0 = Debug|Any CPU
		{F359D768-9265-4216-B63B-6B640534435F}.Release|Any CPU.ActiveCfg = Release|Any CPU
		{F359D768-9265-4216-B63B-6B640534435F}.Release|Any CPU.Build.0 = Release|Any CPU
		{3EE54ED4-CAE3-4CAD-9ABD-667724C97CCB}.Debug|Any CPU.ActiveCfg = Debug|Any CPU
		{3EE54ED4-CAE3-4CAD-9ABD-667724C97CCB}.Debug|Any CPU.Build.0 = Debug|Any CPU
		{3EE54ED4-CAE3-4CAD-9ABD-667724C97CCB}.Release|Any CPU.ActiveCfg = Release|Any CPU
		{3EE54ED4-CAE3-4CAD-9ABD-667724C97CCB}.Release|Any CPU.Build.0 = Release|Any CPU
		{4CAE04F6-34E8-4DA7-BDDB-C11A7E287C58}.Debug|Any CPU.ActiveCfg = Debug|Any CPU
		{4CAE04F6-34E8-4DA7-BDDB-C11A7E287C58}.Debug|Any CPU.Build.0 = Debug|Any CPU
		{4CAE04F6-34E8-4DA7-BDDB-C11A7E287C58}.Release|Any CPU.ActiveCfg = Release|Any CPU
		{4CAE04F6-34E8-4DA7-BDDB-C11A7E287C58}.Release|Any CPU.Build.0 = Release|Any CPU
		{6395A29D-89B4-4960-9659-1E8CE81B24A5}.Debug|Any CPU.ActiveCfg = Debug|Any CPU
		{6395A29D-89B4-4960-9659-1E8CE81B24A5}.Debug|Any CPU.Build.0 = Debug|Any CPU
		{6395A29D-89B4-4960-9659-1E8CE81B24A5}.Release|Any CPU.ActiveCfg = Release|Any CPU
		{6395A29D-89B4-4960-9659-1E8CE81B24A5}.Release|Any CPU.Build.0 = Release|Any CPU
	EndGlobalSection
	GlobalSection(SolutionProperties) = preSolution
		HideSolutionNode = FALSE
	EndGlobalSection
	GlobalSection(NestedProjects) = preSolution
		{C34DC68F-1207-4708-9954-9398C6A64DDA} = {97F0A109-E9F4-435D-B399-8A79F32E6A65}
		{F359D768-9265-4216-B63B-6B640534435F} = {97F0A109-E9F4-435D-B399-8A79F32E6A65}
		{4CAE04F6-34E8-4DA7-BDDB-C11A7E287C58} = {97F0A109-E9F4-435D-B399-8A79F32E6A65}
		{6395A29D-89B4-4960-9659-1E8CE81B24A5} = {97F0A109-E9F4-435D-B399-8A79F32E6A65}
	EndGlobalSection
	GlobalSection(ExtensibilityGlobals) = postSolution
		SolutionGuid = {BAFA3235-A492-4E4D-AD1D-503196EDE706}
	EndGlobalSection
EndGlobal
